
Microsoft Visual Studio Solution File, Format Version 12.00
# Visual Studio 14
VisualStudioVersion = 14.0.23107.0
MinimumVisualStudioVersion = 10.0.40219.1
Project("{FAE04EC0-301F-11D3-BF4B-00C04F79EFBC}") = "UnifiedStorage", "UnifiedStorage\UnifiedStorage.csproj", "{92ED44DD-8CC0-4D2C-849B-F62AF5DE52E7}"
EndProject
Project("{FAE04EC0-301F-11D3-BF4B-00C04F79EFBC}") = "UnifiedStorage.Desktop", "UnifiedStorage.Desktop\UnifiedStorage.Desktop.csproj", "{03F85FC3-3534-4489-ADE7-4327B99CA33B}"
EndProject
Project("{FAE04EC0-301F-11D3-BF4B-00C04F79EFBC}") = "UnifiedStorage.Android", "UnifiedStorage.Android\UnifiedStorage.Android.csproj", "{3FFA1E69-766E-428C-9E5C-21222EDDADBB}"
EndProject
Project("{FAE04EC0-301F-11D3-BF4B-00C04F79EFBC}") = "UnifiedStorage.iOS", "UnifiedStorage.iOS\UnifiedStorage.iOS.csproj", "{D67A2B5B-AE69-42EE-A305-347DE7C018B9}"
EndProject
Project("{2150E333-8FDC-42A3-9474-1A3956D46DE8}") = "Solution Items", "Solution Items", "{ADD49511-6D92-4314-AC88-13EF99698B1C}"
	ProjectSection(SolutionItems) = preProject
		LICENSE = LICENSE
		README.md = README.md
		UnifiedStorage.nuspec = UnifiedStorage.nuspec
	EndProjectSection
EndProject
Project("{D954291E-2A0B-460D-934E-DC6B0785DB48}") = "UnifiedStorage.Shared.Tests", "UnifiedStorage.Shared.Tests\UnifiedStorage.Shared.Tests.shproj", "{5E2C157F-D59F-4B95-8A6E-CECFBE18DE62}"
EndProject
Project("{FAE04EC0-301F-11D3-BF4B-00C04F79EFBC}") = "UnifiedStorage.Desktop.Tests", "UnifiedStorage.Desktop.Tests\UnifiedStorage.Desktop.Tests.csproj", "{320757AE-C53B-4C18-A565-500C68C35140}"
EndProject
Project("{FAE04EC0-301F-11D3-BF4B-00C04F79EFBC}") = "UnifiedStorage.WindowsPhone.Tests", "UnifiedStorage.WindowsPhone.Tests\UnifiedStorage.WindowsPhone.Tests.csproj", "{91F784BB-408A-4861-BBCE-9A496292D810}"
EndProject
Project("{FAE04EC0-301F-11D3-BF4B-00C04F79EFBC}") = "UnifiedStorage.WindowsStore.Tests", "UnifiedStorage.WindowsStore.Tests\UnifiedStorage.WindowsStore.Tests.csproj", "{CE9F8871-905A-418A-A053-231B0680F6F6}"
EndProject
Project("{2150E333-8FDC-42A3-9474-1A3956D46DE8}") = "Platforms", "Platforms", "{2E400F36-E3A4-4698-A7D7-B476319932FC}"
EndProject
Project("{2150E333-8FDC-42A3-9474-1A3956D46DE8}") = "Tests", "Tests", "{51772E54-6294-4682-AF20-B6158BBB1ACE}"
EndProject
Project("{FAE04EC0-301F-11D3-BF4B-00C04F79EFBC}") = "UnifiedStorage.WindowsStorage", "UnifiedStorage.WindowsStorage\UnifiedStorage.WindowsStorage.csproj", "{2F2F2C20-7D36-40A3-B26C-1681C92D7290}"
EndProject
Project("{D954291E-2A0B-460D-934E-DC6B0785DB48}") = "UnifiedStorage.SysIo", "UnifiedStorage.SysIo\UnifiedStorage.SysIo.shproj", "{4E06FF2D-BE5C-4D04-A720-C75E85C44DB5}"
EndProject
Global
	GlobalSection(SharedMSBuildProjectFiles) = preSolution
		UnifiedStorage.Shared.Tests\UnifiedStorage.Shared.Tests.projitems*{320757ae-c53b-4c18-a565-500c68c35140}*SharedItemsImports = 4
		UnifiedStorage.SysIo\UnifiedStorage.SysIo.projitems*{4e06ff2d-be5c-4d04-a720-c75e85c44db5}*SharedItemsImports = 13
		UnifiedStorage.Shared.Tests\UnifiedStorage.Shared.Tests.projitems*{5e2c157f-d59f-4b95-8a6e-cecfbe18de62}*SharedItemsImports = 13
		UnifiedStorage.SysIo\UnifiedStorage.SysIo.projitems*{d67a2b5b-ae69-42ee-a305-347de7c018b9}*SharedItemsImports = 4
		UnifiedStorage.SysIo\UnifiedStorage.SysIo.projitems*{3ffa1e69-766e-428c-9e5c-21222eddadbb}*SharedItemsImports = 4
		UnifiedStorage.SysIo\UnifiedStorage.SysIo.projitems*{03f85fc3-3534-4489-ade7-4327b99ca33b}*SharedItemsImports = 4
	EndGlobalSection
	GlobalSection(SolutionConfigurationPlatforms) = preSolution
		Debug|Any CPU = Debug|Any CPU
		Release|Any CPU = Release|Any CPU
	EndGlobalSection
	GlobalSection(ProjectConfigurationPlatforms) = postSolution
		{92ED44DD-8CC0-4D2C-849B-F62AF5DE52E7}.Debug|Any CPU.ActiveCfg = Debug|Any CPU
		{92ED44DD-8CC0-4D2C-849B-F62AF5DE52E7}.Debug|Any CPU.Build.0 = Debug|Any CPU
		{92ED44DD-8CC0-4D2C-849B-F62AF5DE52E7}.Release|Any CPU.ActiveCfg = Release|Any CPU
		{92ED44DD-8CC0-4D2C-849B-F62AF5DE52E7}.Release|Any CPU.Build.0 = Release|Any CPU
		{03F85FC3-3534-4489-ADE7-4327B99CA33B}.Debug|Any CPU.ActiveCfg = Debug|Any CPU
		{03F85FC3-3534-4489-ADE7-4327B99CA33B}.Debug|Any CPU.Build.0 = Debug|Any CPU
		{03F85FC3-3534-4489-ADE7-4327B99CA33B}.Release|Any CPU.ActiveCfg = Release|Any CPU
		{03F85FC3-3534-4489-ADE7-4327B99CA33B}.Release|Any CPU.Build.0 = Release|Any CPU
		{3FFA1E69-766E-428C-9E5C-21222EDDADBB}.Debug|Any CPU.ActiveCfg = Debug|Any CPU
		{3FFA1E69-766E-428C-9E5C-21222EDDADBB}.Debug|Any CPU.Build.0 = Debug|Any CPU
		{3FFA1E69-766E-428C-9E5C-21222EDDADBB}.Release|Any CPU.ActiveCfg = Release|Any CPU
		{3FFA1E69-766E-428C-9E5C-21222EDDADBB}.Release|Any CPU.Build.0 = Release|Any CPU
		{D67A2B5B-AE69-42EE-A305-347DE7C018B9}.Debug|Any CPU.ActiveCfg = Debug|Any CPU
		{D67A2B5B-AE69-42EE-A305-347DE7C018B9}.Debug|Any CPU.Build.0 = Debug|Any CPU
		{D67A2B5B-AE69-42EE-A305-347DE7C018B9}.Release|Any CPU.ActiveCfg = Release|iPhone
		{D67A2B5B-AE69-42EE-A305-347DE7C018B9}.Release|Any CPU.Build.0 = Release|iPhone
		{320757AE-C53B-4C18-A565-500C68C35140}.Debug|Any CPU.ActiveCfg = Debug|Any CPU
		{320757AE-C53B-4C18-A565-500C68C35140}.Debug|Any CPU.Build.0 = Debug|Any CPU
		{320757AE-C53B-4C18-A565-500C68C35140}.Release|Any CPU.ActiveCfg = Release|Any CPU
		{320757AE-C53B-4C18-A565-500C68C35140}.Release|Any CPU.Build.0 = Release|Any CPU
		{91F784BB-408A-4861-BBCE-9A496292D810}.Debug|Any CPU.ActiveCfg = Debug|x86
		{91F784BB-408A-4861-BBCE-9A496292D810}.Debug|Any CPU.Build.0 = Debug|x86
		{91F784BB-408A-4861-BBCE-9A496292D810}.Debug|Any CPU.Deploy.0 = Debug|x86
		{91F784BB-408A-4861-BBCE-9A496292D810}.Release|Any CPU.ActiveCfg = Release|x86
		{91F784BB-408A-4861-BBCE-9A496292D810}.Release|Any CPU.Build.0 = Release|x86
		{91F784BB-408A-4861-BBCE-9A496292D810}.Release|Any CPU.Deploy.0 = Release|x86
		{CE9F8871-905A-418A-A053-231B0680F6F6}.Debug|Any CPU.ActiveCfg = Debug|Any CPU
		{CE9F8871-905A-418A-A053-231B0680F6F6}.Debug|Any CPU.Build.0 = Debug|Any CPU
		{CE9F8871-905A-418A-A053-231B0680F6F6}.Debug|Any CPU.Deploy.0 = Debug|Any CPU
		{CE9F8871-905A-418A-A053-231B0680F6F6}.Release|Any CPU.ActiveCfg = Release|Any CPU
		{CE9F8871-905A-418A-A053-231B0680F6F6}.Release|Any CPU.Build.0 = Release|Any CPU
		{CE9F8871-905A-418A-A053-231B0680F6F6}.Release|Any CPU.Deploy.0 = Release|Any CPU
		{2F2F2C20-7D36-40A3-B26C-1681C92D7290}.Debug|Any CPU.ActiveCfg = Debug|Any CPU
		{2F2F2C20-7D36-40A3-B26C-1681C92D7290}.Debug|Any CPU.Build.0 = Debug|Any CPU
		{2F2F2C20-7D36-40A3-B26C-1681C92D7290}.Release|Any CPU.ActiveCfg = Release|Any CPU
		{2F2F2C20-7D36-40A3-B26C-1681C92D7290}.Release|Any CPU.Build.0 = Release|Any CPU
	EndGlobalSection
	GlobalSection(SolutionProperties) = preSolution
		HideSolutionNode = FALSE
	EndGlobalSection
	GlobalSection(NestedProjects) = preSolution
		{03F85FC3-3534-4489-ADE7-4327B99CA33B} = {2E400F36-E3A4-4698-A7D7-B476319932FC}
		{3FFA1E69-766E-428C-9E5C-21222EDDADBB} = {2E400F36-E3A4-4698-A7D7-B476319932FC}
		{D67A2B5B-AE69-42EE-A305-347DE7C018B9} = {2E400F36-E3A4-4698-A7D7-B476319932FC}
		{5E2C157F-D59F-4B95-8A6E-CECFBE18DE62} = {51772E54-6294-4682-AF20-B6158BBB1ACE}
		{320757AE-C53B-4C18-A565-500C68C35140} = {51772E54-6294-4682-AF20-B6158BBB1ACE}
		{91F784BB-408A-4861-BBCE-9A496292D810} = {51772E54-6294-4682-AF20-B6158BBB1ACE}
		{CE9F8871-905A-418A-A053-231B0680F6F6} = {51772E54-6294-4682-AF20-B6158BBB1ACE}
	EndGlobalSection
EndGlobal
